
Microsoft Visual Studio Solution File, Format Version 12.00
# Visual Studio Version 17
VisualStudioVersion = 17.2.32630.192
MinimumVisualStudioVersion = 10.0.40219.1
Project("{8BC9CEB8-8B4A-11D0-8D11-00A0C91BC942}") = "MASM-Play2", "MASM-Play2\MASM-Play2.vcxproj", "{C87AD8BD-E334-4338-833F-E971F2D166BB}"
EndProject
Project("{2150E333-8FDC-42A3-9474-1A3956D46DE8}") = "Solution Items", "Solution Items", "{A17B05AE-213C-476E-80FB-7F87C8FA34A5}"
	ProjectSection(SolutionItems) = preProject
		.gitignore = .gitignore
	EndProjectSection
EndProject
Global
	GlobalSection(SolutionConfigurationPlatforms) = preSolution
		Debug|x64 = Debug|x64
		Debug|x86 = Debug|x86
		Release|x64 = Release|x64
		Release|x86 = Release|x86
	EndGlobalSection
	GlobalSection(ProjectConfigurationPlatforms) = postSolution
		{C87AD8BD-E334-4338-833F-E971F2D166BB}.Debug|x64.ActiveCfg = Debug|x64
		{C87AD8BD-E334-4338-833F-E971F2D166BB}.Debug|x64.Build.0 = Debug|x64
		{C87AD8BD-E334-4338-833F-E971F2D166BB}.Debug|x86.ActiveCfg = Debug|Win32
		{C87AD8BD-E334-4338-833F-E971F2D166BB}.Debug|x86.Build.0 = Debug|Win32
		{C87AD8BD-E334-4338-833F-E971F2D166BB}.Release|x64.ActiveCfg = Release|x64
		{C87AD8BD-E334-4338-833F-E971F2D166BB}.Release|x64.Build.0 = Release|x64
		{C87AD8BD-E334-4338-833F-E971F2D166BB}.Release|x86.ActiveCfg = Release|Win32
		{C87AD8BD-E334-4338-833F-E971F2D166BB}.Release|x86.Build.0 = Release|Win32
	EndGlobalSection
	GlobalSection(SolutionProperties) = preSolution
		HideSolutionNode = FALSE
	EndGlobalSection
	GlobalSection(ExtensibilityGlobals) = postSolution
		SolutionGuid = {30D30B5B-EEFB-42CA-B6FC-E2466E3323B1}
	EndGlobalSection
EndGlobal
